
Microsoft Visual Studio Solution File, Format Version 12.00
# Visual Studio 15
VisualStudioVersion = 15.0.26730.16
MinimumVisualStudioVersion = 10.0.40219.1
Project("{FAE04EC0-301F-11D3-BF4B-00C04F79EFBC}") = "TestWebApi", "TestWebApi\TestWebApi.csproj", "{968C3238-F666-4DE9-92F1-D7840555BEC5}"
EndProject
Project("{FAE04EC0-301F-11D3-BF4B-00C04F79EFBC}") = "TestWebApi.Tests", "TestWebApi.Tests\TestWebApi.Tests.csproj", "{D7EB9F77-639F-447E-B3A5-C4C7D7F94E3F}"
EndProject
Project("{FAE04EC0-301F-11D3-BF4B-00C04F79EFBC}") = "TestWebMvc", "TestWebMvc\TestWebMvc.csproj", "{33E7E68D-96A6-4B58-8735-B4FBD90F0A75}"
EndProject
Project("{FAE04EC0-301F-11D3-BF4B-00C04F79EFBC}") = "TestWebMvc.Tests", "TestWebMvc.Tests\TestWebMvc.Tests.csproj", "{E4AE77D5-014E-43A6-A229-6C0F295FB2DF}"
EndProject
Project("{FAE04EC0-301F-11D3-BF4B-00C04F79EFBC}") = "TestWebApi.Repositories", "TestWebApi.Repository\TestWebApi.Repositories.csproj", "{4910E78A-F67D-435D-83E2-79F679B499A8}"
EndProject
Project("{FAE04EC0-301F-11D3-BF4B-00C04F79EFBC}") = "TestWeb.DAL", "TestWebApi.DAL\TestWeb.DAL.csproj", "{167C2779-36A8-4DA0-9AC7-E920587AE0BB}"
EndProject
Project("{FAE04EC0-301F-11D3-BF4B-00C04F79EFBC}") = "TestWeb.Models", "TestWebApi.Models\TestWeb.Models.csproj", "{10EB58A0-7E48-404C-884F-F0088AA5B316}"
EndProject
Project("{2150E333-8FDC-42A3-9474-1A3956D46DE8}") = "Web", "Web", "{AF1FE9FC-E286-429E-8DE6-B9372B7EF272}"
EndProject
Project("{2150E333-8FDC-42A3-9474-1A3956D46DE8}") = "Data", "Data", "{7BBE4728-1633-4FF5-98AC-D1C72184A542}"
EndProject
Project("{2150E333-8FDC-42A3-9474-1A3956D46DE8}") = "Shared", "Shared", "{3FD3F984-D937-475F-A6D8-B4364ED36BA7}"
EndProject
Project("{2150E333-8FDC-42A3-9474-1A3956D46DE8}") = "Framework", "Framework", "{A91AE79C-59D7-4B54-9E68-9D8394BE39E8}"
EndProject
Project("{2150E333-8FDC-42A3-9474-1A3956D46DE8}") = "Tests", "Tests", "{8F285015-99F2-4A2F-A78A-BF12BB6DB081}"
EndProject
Project("{FAE04EC0-301F-11D3-BF4B-00C04F79EFBC}") = "TestWebApi.ViewModels", "TestWebApi.ViewModels\TestWebApi.ViewModels.csproj", "{15FC46F2-44B6-445E-8AD5-5FF618B8F54B}"
EndProject
Project("{FAE04EC0-301F-11D3-BF4B-00C04F79EFBC}") = "TestWebApi.Framework.Caching", "TestWebApi.Framework.Caching\TestWebApi.Framework.Caching.csproj", "{9E9FBC18-D49E-4BFB-84CB-F92397ABF9A2}"
EndProject
Project("{FAE04EC0-301F-11D3-BF4B-00C04F79EFBC}") = "TestWebApi.Framework.Exception", "TestWebApi.Framework.Exception\TestWebApi.Framework.Exception.csproj", "{CCD41ACB-B1A6-4696-A03B-0F48A41992B6}"
EndProject
Project("{FAE04EC0-301F-11D3-BF4B-00C04F79EFBC}") = "TestWebApi.Framework.Security", "TestWebApi.Framework.Security\TestWebApi.Framework.Security.csproj", "{0C63F7B4-8AFC-4DE7-8FCC-A5EFCBFC26EC}"
EndProject
Project("{FAE04EC0-301F-11D3-BF4B-00C04F79EFBC}") = "TestWebApi.Shared.Extensions", "TestWebApi.Shared.Extensions\TestWebApi.Shared.Extensions.csproj", "{C4635051-52F2-41A9-89C0-2DD6A7E5E397}"
EndProject
Project("{FAE04EC0-301F-11D3-BF4B-00C04F79EFBC}") = "TestWebApi.Shared.Utilities", "TestWebApi.Shared.Utilities\TestWebApi.Shared.Utilities.csproj", "{76833AE6-251A-4CE9-AE89-0E719848C055}"
EndProject
Project("{FAE04EC0-301F-11D3-BF4B-00C04F79EFBC}") = "TestWebApi.Controllers", "TestWebApi.Controllers\TestWebApi.Controllers.csproj", "{D549541B-3411-4D61-BC37-9F7CD9645056}"
EndProject
Project("{FAE04EC0-301F-11D3-BF4B-00C04F79EFBC}") = "TestWebApi.Shared.Constants", "TestWebApi.Shared.Constants\TestWebApi.Shared.Constants.csproj", "{9C38F68C-E46E-4812-93D4-EE567C744731}"
EndProject
Project("{FAE04EC0-301F-11D3-BF4B-00C04F79EFBC}") = "TestWebApi.Framework.Extensions", "TestWebApi.Framework.Extensions\TestWebApi.Framework.Extensions.csproj", "{FEBACFCD-F7F7-4BB6-842F-8C808A6D2806}"
EndProject
Project("{FAE04EC0-301F-11D3-BF4B-00C04F79EFBC}") = "Testweb.DAL.Extensions", "Testweb.DAL.Extensions\Testweb.DAL.Extensions.csproj", "{09BED954-7648-4C6E-BD37-069747C8C6EF}"
EndProject
Global
	GlobalSection(SolutionConfigurationPlatforms) = preSolution
		Debug|Any CPU = Debug|Any CPU
		Release|Any CPU = Release|Any CPU
	EndGlobalSection
	GlobalSection(ProjectConfigurationPlatforms) = postSolution
		{968C3238-F666-4DE9-92F1-D7840555BEC5}.Debug|Any CPU.ActiveCfg = Debug|Any CPU
		{968C3238-F666-4DE9-92F1-D7840555BEC5}.Debug|Any CPU.Build.0 = Debug|Any CPU
		{968C3238-F666-4DE9-92F1-D7840555BEC5}.Release|Any CPU.ActiveCfg = Release|Any CPU
		{968C3238-F666-4DE9-92F1-D7840555BEC5}.Release|Any CPU.Build.0 = Release|Any CPU
		{D7EB9F77-639F-447E-B3A5-C4C7D7F94E3F}.Debug|Any CPU.ActiveCfg = Debug|Any CPU
		{D7EB9F77-639F-447E-B3A5-C4C7D7F94E3F}.Debug|Any CPU.Build.0 = Debug|Any CPU
		{D7EB9F77-639F-447E-B3A5-C4C7D7F94E3F}.Release|Any CPU.ActiveCfg = Release|Any CPU
		{D7EB9F77-639F-447E-B3A5-C4C7D7F94E3F}.Release|Any CPU.Build.0 = Release|Any CPU
		{33E7E68D-96A6-4B58-8735-B4FBD90F0A75}.Debug|Any CPU.ActiveCfg = Debug|Any CPU
		{33E7E68D-96A6-4B58-8735-B4FBD90F0A75}.Debug|Any CPU.Build.0 = Debug|Any CPU
		{33E7E68D-96A6-4B58-8735-B4FBD90F0A75}.Release|Any CPU.ActiveCfg = Release|Any CPU
		{33E7E68D-96A6-4B58-8735-B4FBD90F0A75}.Release|Any CPU.Build.0 = Release|Any CPU
		{E4AE77D5-014E-43A6-A229-6C0F295FB2DF}.Debug|Any CPU.ActiveCfg = Debug|Any CPU
		{E4AE77D5-014E-43A6-A229-6C0F295FB2DF}.Debug|Any CPU.Build.0 = Debug|Any CPU
		{E4AE77D5-014E-43A6-A229-6C0F295FB2DF}.Release|Any CPU.ActiveCfg = Release|Any CPU
		{E4AE77D5-014E-43A6-A229-6C0F295FB2DF}.Release|Any CPU.Build.0 = Release|Any CPU
		{4910E78A-F67D-435D-83E2-79F679B499A8}.Debug|Any CPU.ActiveCfg = Debug|Any CPU
		{4910E78A-F67D-435D-83E2-79F679B499A8}.Debug|Any CPU.Build.0 = Debug|Any CPU
		{4910E78A-F67D-435D-83E2-79F679B499A8}.Release|Any CPU.ActiveCfg = Release|Any CPU
		{4910E78A-F67D-435D-83E2-79F679B499A8}.Release|Any CPU.Build.0 = Release|Any CPU
		{167C2779-36A8-4DA0-9AC7-E920587AE0BB}.Debug|Any CPU.ActiveCfg = Debug|Any CPU
		{167C2779-36A8-4DA0-9AC7-E920587AE0BB}.Debug|Any CPU.Build.0 = Debug|Any CPU
		{167C2779-36A8-4DA0-9AC7-E920587AE0BB}.Release|Any CPU.ActiveCfg = Release|Any CPU
		{167C2779-36A8-4DA0-9AC7-E920587AE0BB}.Release|Any CPU.Build.0 = Release|Any CPU
		{10EB58A0-7E48-404C-884F-F0088AA5B316}.Debug|Any CPU.ActiveCfg = Debug|Any CPU
		{10EB58A0-7E48-404C-884F-F0088AA5B316}.Debug|Any CPU.Build.0 = Debug|Any CPU
		{10EB58A0-7E48-404C-884F-F0088AA5B316}.Release|Any CPU.ActiveCfg = Release|Any CPU
		{10EB58A0-7E48-404C-884F-F0088AA5B316}.Release|Any CPU.Build.0 = Release|Any CPU
		{15FC46F2-44B6-445E-8AD5-5FF618B8F54B}.Debug|Any CPU.ActiveCfg = Debug|Any CPU
		{15FC46F2-44B6-445E-8AD5-5FF618B8F54B}.Debug|Any CPU.Build.0 = Debug|Any CPU
		{15FC46F2-44B6-445E-8AD5-5FF618B8F54B}.Release|Any CPU.ActiveCfg = Release|Any CPU
		{15FC46F2-44B6-445E-8AD5-5FF618B8F54B}.Release|Any CPU.Build.0 = Release|Any CPU
		{9E9FBC18-D49E-4BFB-84CB-F92397ABF9A2}.Debug|Any CPU.ActiveCfg = Debug|Any CPU
		{9E9FBC18-D49E-4BFB-84CB-F92397ABF9A2}.Debug|Any CPU.Build.0 = Debug|Any CPU
		{9E9FBC18-D49E-4BFB-84CB-F92397ABF9A2}.Release|Any CPU.ActiveCfg = Release|Any CPU
		{9E9FBC18-D49E-4BFB-84CB-F92397ABF9A2}.Release|Any CPU.Build.0 = Release|Any CPU
		{CCD41ACB-B1A6-4696-A03B-0F48A41992B6}.Debug|Any CPU.ActiveCfg = Debug|Any CPU
		{CCD41ACB-B1A6-4696-A03B-0F48A41992B6}.Debug|Any CPU.Build.0 = Debug|Any CPU
		{CCD41ACB-B1A6-4696-A03B-0F48A41992B6}.Release|Any CPU.ActiveCfg = Release|Any CPU
		{CCD41ACB-B1A6-4696-A03B-0F48A41992B6}.Release|Any CPU.Build.0 = Release|Any CPU
		{0C63F7B4-8AFC-4DE7-8FCC-A5EFCBFC26EC}.Debug|Any CPU.ActiveCfg = Debug|Any CPU
		{0C63F7B4-8AFC-4DE7-8FCC-A5EFCBFC26EC}.Debug|Any CPU.Build.0 = Debug|Any CPU
		{0C63F7B4-8AFC-4DE7-8FCC-A5EFCBFC26EC}.Release|Any CPU.ActiveCfg = Release|Any CPU
		{0C63F7B4-8AFC-4DE7-8FCC-A5EFCBFC26EC}.Release|Any CPU.Build.0 = Release|Any CPU
		{C4635051-52F2-41A9-89C0-2DD6A7E5E397}.Debug|Any CPU.ActiveCfg = Debug|Any CPU
		{C4635051-52F2-41A9-89C0-2DD6A7E5E397}.Debug|Any CPU.Build.0 = Debug|Any CPU
		{C4635051-52F2-41A9-89C0-2DD6A7E5E397}.Release|Any CPU.ActiveCfg = Release|Any CPU
		{C4635051-52F2-41A9-89C0-2DD6A7E5E397}.Release|Any CPU.Build.0 = Release|Any CPU
		{76833AE6-251A-4CE9-AE89-0E719848C055}.Debug|Any CPU.ActiveCfg = Debug|Any CPU
		{76833AE6-251A-4CE9-AE89-0E719848C055}.Debug|Any CPU.Build.0 = Debug|Any CPU
		{76833AE6-251A-4CE9-AE89-0E719848C055}.Release|Any CPU.ActiveCfg = Release|Any CPU
		{76833AE6-251A-4CE9-AE89-0E719848C055}.Release|Any CPU.Build.0 = Release|Any CPU
		{D549541B-3411-4D61-BC37-9F7CD9645056}.Debug|Any CPU.ActiveCfg = Debug|Any CPU
		{D549541B-3411-4D61-BC37-9F7CD9645056}.Debug|Any CPU.Build.0 = Debug|Any CPU
		{D549541B-3411-4D61-BC37-9F7CD9645056}.Release|Any CPU.ActiveCfg = Release|Any CPU
		{D549541B-3411-4D61-BC37-9F7CD9645056}.Release|Any CPU.Build.0 = Release|Any CPU
		{9C38F68C-E46E-4812-93D4-EE567C744731}.Debug|Any CPU.ActiveCfg = Debug|Any CPU
		{9C38F68C-E46E-4812-93D4-EE567C744731}.Debug|Any CPU.Build.0 = Debug|Any CPU
		{9C38F68C-E46E-4812-93D4-EE567C744731}.Release|Any CPU.ActiveCfg = Release|Any CPU
		{9C38F68C-E46E-4812-93D4-EE567C744731}.Release|Any CPU.Build.0 = Release|Any CPU
		{FEBACFCD-F7F7-4BB6-842F-8C808A6D2806}.Debug|Any CPU.ActiveCfg = Debug|Any CPU
		{FEBACFCD-F7F7-4BB6-842F-8C808A6D2806}.Debug|Any CPU.Build.0 = Debug|Any CPU
		{FEBACFCD-F7F7-4BB6-842F-8C808A6D2806}.Release|Any CPU.ActiveCfg = Release|Any CPU
		{FEBACFCD-F7F7-4BB6-842F-8C808A6D2806}.Release|Any CPU.Build.0 = Release|Any CPU
		{09BED954-7648-4C6E-BD37-069747C8C6EF}.Debug|Any CPU.ActiveCfg = Debug|Any CPU
		{09BED954-7648-4C6E-BD37-069747C8C6EF}.Debug|Any CPU.Build.0 = Debug|Any CPU
		{09BED954-7648-4C6E-BD37-069747C8C6EF}.Release|Any CPU.ActiveCfg = Release|Any CPU
		{09BED954-7648-4C6E-BD37-069747C8C6EF}.Release|Any CPU.Build.0 = Release|Any CPU
	EndGlobalSection
	GlobalSection(SolutionProperties) = preSolution
		HideSolutionNode = FALSE
	EndGlobalSection
	GlobalSection(NestedProjects) = preSolution
		{968C3238-F666-4DE9-92F1-D7840555BEC5} = {AF1FE9FC-E286-429E-8DE6-B9372B7EF272}
		{D7EB9F77-639F-447E-B3A5-C4C7D7F94E3F} = {8F285015-99F2-4A2F-A78A-BF12BB6DB081}
		{167C2779-36A8-4DA0-9AC7-E920587AE0BB} = {7BBE4728-1633-4FF5-98AC-D1C72184A542}
		{10EB58A0-7E48-404C-884F-F0088AA5B316} = {7BBE4728-1633-4FF5-98AC-D1C72184A542}
		{15FC46F2-44B6-445E-8AD5-5FF618B8F54B} = {AF1FE9FC-E286-429E-8DE6-B9372B7EF272}
		{9E9FBC18-D49E-4BFB-84CB-F92397ABF9A2} = {A91AE79C-59D7-4B54-9E68-9D8394BE39E8}
		{CCD41ACB-B1A6-4696-A03B-0F48A41992B6} = {A91AE79C-59D7-4B54-9E68-9D8394BE39E8}
		{0C63F7B4-8AFC-4DE7-8FCC-A5EFCBFC26EC} = {A91AE79C-59D7-4B54-9E68-9D8394BE39E8}
		{C4635051-52F2-41A9-89C0-2DD6A7E5E397} = {3FD3F984-D937-475F-A6D8-B4364ED36BA7}
		{76833AE6-251A-4CE9-AE89-0E719848C055} = {3FD3F984-D937-475F-A6D8-B4364ED36BA7}
		{D549541B-3411-4D61-BC37-9F7CD9645056} = {AF1FE9FC-E286-429E-8DE6-B9372B7EF272}
		{9C38F68C-E46E-4812-93D4-EE567C744731} = {3FD3F984-D937-475F-A6D8-B4364ED36BA7}
		{FEBACFCD-F7F7-4BB6-842F-8C808A6D2806} = {A91AE79C-59D7-4B54-9E68-9D8394BE39E8}
		{09BED954-7648-4C6E-BD37-069747C8C6EF} = {7BBE4728-1633-4FF5-98AC-D1C72184A542}
	EndGlobalSection
	GlobalSection(ExtensibilityGlobals) = postSolution
		SolutionGuid = {FE745AB1-29C5-4EC2-B44C-49E795D7C826}
	EndGlobalSection
EndGlobal
